
Microsoft Visual Studio Solution File, Format Version 12.00
# Visual Studio Version 17
VisualStudioVersion = 17.0.31825.309
MinimumVisualStudioVersion = 10.0.40219.1
Project("{FAE04EC0-301F-11D3-BF4B-00C04F79EFBC}") = "ChartSample", "ChartSample.csproj", "{54289026-BD00-484B-8F0A-DF9DCC9B2B07}"
EndProject
Global
	GlobalSection(SolutionConfigurationPlatforms) = preSolution
		Debug|Any CPU = Debug|Any CPU
		Release|Any CPU = Release|Any CPU
		Release-Xml|Any CPU = Release-Xml|Any CPU
	EndGlobalSection
	GlobalSection(ProjectConfigurationPlatforms) = postSolution
		{54289026-BD00-484B-8F0A-DF9DCC9B2B07}.Debug|Any CPU.ActiveCfg = Debug|Any CPU
		{54289026-BD00-484B-8F0A-DF9DCC9B2B07}.Debug|Any CPU.Build.0 = Debug|Any CPU
		{54289026-BD00-484B-8F0A-DF9DCC9B2B07}.Release|Any CPU.ActiveCfg = Release|Any CPU
		{54289026-BD00-484B-8F0A-DF9DCC9B2B07}.Release|Any CPU.Build.0 = Release|Any CPU
		{54289026-BD00-484B-8F0A-DF9DCC9B2B07}.Release-Xml|Any CPU.ActiveCfg = Release|Any CPU
		{54289026-BD00-484B-8F0A-DF9DCC9B2B07}.Release-Xml|Any CPU.Build.0 = Release|Any CPU
	EndGlobalSection
	GlobalSection(SolutionProperties) = preSolution
		HideSolutionNode = FALSE
	EndGlobalSection
	GlobalSection(ExtensibilityGlobals) = postSolution
		SolutionGuid = {25D56EEE-43CE-4EAF-BF02-F1B306B38511}
	EndGlobalSection
EndGlobal
